
Microsoft Visual Studio Solution File, Format Version 12.00
Project("{FAE04EC0-301F-11D3-BF4B-00C04F79EFBC}") = "贪吃蛇", "贪吃蛇\贪吃蛇.csproj", "{CFC7028F-48B5-48E7-8744-6CCDFACAF2EB}"
EndProject
Global
	GlobalSection(SolutionConfigurationPlatforms) = preSolution
		Debug|Any CPU = Debug|Any CPU
		Release|Any CPU = Release|Any CPU
	EndGlobalSection
	GlobalSection(ProjectConfigurationPlatforms) = postSolution
		{CFC7028F-48B5-48E7-8744-6CCDFACAF2EB}.Debug|Any CPU.ActiveCfg = Debug|Any CPU
		{CFC7028F-48B5-48E7-8744-6CCDFACAF2EB}.Debug|Any CPU.Build.0 = Debug|Any CPU
		{CFC7028F-48B5-48E7-8744-6CCDFACAF2EB}.Release|Any CPU.ActiveCfg = Release|Any CPU
		{CFC7028F-48B5-48E7-8744-6CCDFACAF2EB}.Release|Any CPU.Build.0 = Release|Any CPU
	EndGlobalSection
EndGlobal
